
Microsoft Visual Studio Solution File, Format Version 12.00
# Visual Studio Version 17
VisualStudioVersion = 17.8.34309.116
MinimumVisualStudioVersion = 10.0.40219.1
Project("{9A19103F-16F7-4668-BE54-9A1E7A4F7556}") = "BulkyWeb", "BulkyWeb\BulkyWeb.csproj", "{00E37CF6-676E-4B80-900E-711B806C20EB}"
EndProject
Project("{9A19103F-16F7-4668-BE54-9A1E7A4F7556}") = "BulkyWebRazor", "BulkyWebRazor\BulkyWebRazor.csproj", "{25DB66E3-E09D-4913-94DB-8980B960B7B5}"
EndProject
Global
	GlobalSection(SolutionConfigurationPlatforms) = preSolution
		Debug|Any CPU = Debug|Any CPU
		Release|Any CPU = Release|Any CPU
	EndGlobalSection
	GlobalSection(ProjectConfigurationPlatforms) = postSolution
		{00E37CF6-676E-4B80-900E-711B806C20EB}.Debug|Any CPU.ActiveCfg = Debug|Any CPU
		{00E37CF6-676E-4B80-900E-711B806C20EB}.Debug|Any CPU.Build.0 = Debug|Any CPU
		{00E37CF6-676E-4B80-900E-711B806C20EB}.Release|Any CPU.ActiveCfg = Release|Any CPU
		{00E37CF6-676E-4B80-900E-711B806C20EB}.Release|Any CPU.Build.0 = Release|Any CPU
		{25DB66E3-E09D-4913-94DB-8980B960B7B5}.Debug|Any CPU.ActiveCfg = Debug|Any CPU
		{25DB66E3-E09D-4913-94DB-8980B960B7B5}.Debug|Any CPU.Build.0 = Debug|Any CPU
		{25DB66E3-E09D-4913-94DB-8980B960B7B5}.Release|Any CPU.ActiveCfg = Release|Any CPU
		{25DB66E3-E09D-4913-94DB-8980B960B7B5}.Release|Any CPU.Build.0 = Release|Any CPU
	EndGlobalSection
	GlobalSection(SolutionProperties) = preSolution
		HideSolutionNode = FALSE
	EndGlobalSection
	GlobalSection(ExtensibilityGlobals) = postSolution
		SolutionGuid = {EECFC4EB-B101-4261-9265-D0BAB16DDA54}
	EndGlobalSection
EndGlobal
